
Microsoft Visual Studio Solution File, Format Version 12.00
# Visual Studio Version 17
VisualStudioVersion = 17.14.37111.16 d17.14
MinimumVisualStudioVersion = 10.0.40219.1
Project("{FAE04EC0-301F-11D3-BF4B-00C04F79EFBC}") = "TvcLesson06Models", "TvcLesson06Models.csproj", "{E260A311-A0A5-4B0A-8633-1DE34C6849AD}"
EndProject
Global
	GlobalSection(SolutionConfigurationPlatforms) = preSolution
		Debug|Any CPU = Debug|Any CPU
		Release|Any CPU = Release|Any CPU
	EndGlobalSection
	GlobalSection(ProjectConfigurationPlatforms) = postSolution
		{E260A311-A0A5-4B0A-8633-1DE34C6849AD}.Debug|Any CPU.ActiveCfg = Debug|Any CPU
		{E260A311-A0A5-4B0A-8633-1DE34C6849AD}.Debug|Any CPU.Build.0 = Debug|Any CPU
		{E260A311-A0A5-4B0A-8633-1DE34C6849AD}.Release|Any CPU.ActiveCfg = Release|Any CPU
		{E260A311-A0A5-4B0A-8633-1DE34C6849AD}.Release|Any CPU.Build.0 = Release|Any CPU
	EndGlobalSection
	GlobalSection(SolutionProperties) = preSolution
		HideSolutionNode = FALSE
	EndGlobalSection
	GlobalSection(ExtensibilityGlobals) = postSolution
		SolutionGuid = {ECA22F0C-EFA2-4421-B53F-1F0268457C95}
	EndGlobalSection
EndGlobal
