
Microsoft Visual Studio Solution File, Format Version 12.00
# Visual Studio Version 17
VisualStudioVersion = 17.14.37111.16 d17.14
MinimumVisualStudioVersion = 10.0.40219.1
Project("{FAE04EC0-301F-11D3-BF4B-00C04F79EFBC}") = "TvcLesson03", "TvcLesson03.csproj", "{D1557774-4C7D-4C74-8B2E-73AD97274660}"
EndProject
Global
	GlobalSection(SolutionConfigurationPlatforms) = preSolution
		Debug|Any CPU = Debug|Any CPU
		Release|Any CPU = Release|Any CPU
	EndGlobalSection
	GlobalSection(ProjectConfigurationPlatforms) = postSolution
		{D1557774-4C7D-4C74-8B2E-73AD97274660}.Debug|Any CPU.ActiveCfg = Debug|Any CPU
		{D1557774-4C7D-4C74-8B2E-73AD97274660}.Debug|Any CPU.Build.0 = Debug|Any CPU
		{D1557774-4C7D-4C74-8B2E-73AD97274660}.Release|Any CPU.ActiveCfg = Release|Any CPU
		{D1557774-4C7D-4C74-8B2E-73AD97274660}.Release|Any CPU.Build.0 = Release|Any CPU
	EndGlobalSection
	GlobalSection(SolutionProperties) = preSolution
		HideSolutionNode = FALSE
	EndGlobalSection
	GlobalSection(ExtensibilityGlobals) = postSolution
		SolutionGuid = {919B0219-EC97-4507-8226-C86A6A3CAEBC}
	EndGlobalSection
EndGlobal
